// !$*UTF8*$!
{
	archiveVersion = 1;
	classes = {
	};
	objectVersion = 50;
	objects = {

/* Begin PBXBuildFile section */
		462BA907273D92A200B349A2 /* HomeScreen.storyboard in Resources */ = {isa = PBXBuildFile; fileRef = 462BA906273D92A200B349A2 /* HomeScreen.storyboard */; };
		462BA909273D9C1E00B349A2 /* HomeScreen.swift in Sources */ = {isa = PBXBuildFile; fileRef = 462BA908273D9C1E00B349A2 /* HomeScreen.swift */; };
		462CD1A0276483B000A0E6C1 /* ViewHelpers.swift in Sources */ = {isa = PBXBuildFile; fileRef = 462CD19F276483B000A0E6C1 /* ViewHelpers.swift */; };
		468C153D276852B20066E0CE /* Constants.swift in Sources */ = {isa = PBXBuildFile; fileRef = 468C153C276852B20066E0CE /* Constants.swift */; };
		468C153F276868620066E0CE /* Messages.storyboard in Resources */ = {isa = PBXBuildFile; fileRef = 468C153E276868620066E0CE /* Messages.storyboard */; };
		468C1541276868D90066E0CE /* MessagesViewController.swift in Sources */ = {isa = PBXBuildFile; fileRef = 468C1540276868D90066E0CE /* MessagesViewController.swift */; };
		468C154327686AE80066E0CE /* messages.json in Resources */ = {isa = PBXBuildFile; fileRef = 468C154227686AE80066E0CE /* messages.json */; };
		468C1547276877B60066E0CE /* ConversationViewController.swift in Sources */ = {isa = PBXBuildFile; fileRef = 468C1546276877B60066E0CE /* ConversationViewController.swift */; };
		469576322767CEE0007E471B /* JobListCell.swift in Sources */ = {isa = PBXBuildFile; fileRef = 469576312767CEE0007E471B /* JobListCell.swift */; };
		469576342767D20A007E471B /* JobListingCollectionViewController.swift in Sources */ = {isa = PBXBuildFile; fileRef = 469576332767D20A007E471B /* JobListingCollectionViewController.swift */; };
		469576362767D3DA007E471B /* Job.swift in Sources */ = {isa = PBXBuildFile; fileRef = 469576352767D3DA007E471B /* Job.swift */; };
		469576382767D5B0007E471B /* jobs.json in Resources */ = {isa = PBXBuildFile; fileRef = 469576372767D5B0007E471B /* jobs.json */; };
		4695763A2767DAEA007E471B /* Decode.swift in Sources */ = {isa = PBXBuildFile; fileRef = 469576392767DAEA007E471B /* Decode.swift */; };
		4695763C2767FD6B007E471B /* Profile.storyboard in Resources */ = {isa = PBXBuildFile; fileRef = 4695763B2767FD6B007E471B /* Profile.storyboard */; };
		4695763E2767FF8B007E471B /* ProfileViewController.swift in Sources */ = {isa = PBXBuildFile; fileRef = 4695763D2767FF8B007E471B /* ProfileViewController.swift */; };
		46B2BC43272CE95400A7E22C /* Favorites.storyboard in Resources */ = {isa = PBXBuildFile; fileRef = 46B2BC42272CE95400A7E22C /* Favorites.storyboard */; };
		46B2BC45272CEA1600A7E22C /* FavoritesScreen.swift in Sources */ = {isa = PBXBuildFile; fileRef = 46B2BC44272CEA1600A7E22C /* FavoritesScreen.swift */; };
		46D3119E2721D40900EC45C7 /* .gitignore in Resources */ = {isa = PBXBuildFile; fileRef = 46D3119D2721D40900EC45C7 /* .gitignore */; };
		B7F617972721CB8400CD3BBE /* AppDelegate.swift in Sources */ = {isa = PBXBuildFile; fileRef = B7F617962721CB8400CD3BBE /* AppDelegate.swift */; };
		B7F617992721CB8400CD3BBE /* SceneDelegate.swift in Sources */ = {isa = PBXBuildFile; fileRef = B7F617982721CB8400CD3BBE /* SceneDelegate.swift */; };
		B7F6179B2721CB8400CD3BBE /* LoginScreen.swift in Sources */ = {isa = PBXBuildFile; fileRef = B7F6179A2721CB8400CD3BBE /* LoginScreen.swift */; };
		B7F6179E2721CB8400CD3BBE /* Main.storyboard in Resources */ = {isa = PBXBuildFile; fileRef = B7F6179C2721CB8400CD3BBE /* Main.storyboard */; };
		B7F617A02721CB8500CD3BBE /* Assets.xcassets in Resources */ = {isa = PBXBuildFile; fileRef = B7F6179F2721CB8500CD3BBE /* Assets.xcassets */; };
		B7F617A32721CB8500CD3BBE /* LaunchScreen.storyboard in Resources */ = {isa = PBXBuildFile; fileRef = B7F617A12721CB8500CD3BBE /* LaunchScreen.storyboard */; };
/* End PBXBuildFile section */

/* Begin PBXFileReference section */
		462BA906273D92A200B349A2 /* HomeScreen.storyboard */ = {isa = PBXFileReference; lastKnownFileType = file.storyboard; path = HomeScreen.storyboard; sourceTree = "<group>"; };
		462BA908273D9C1E00B349A2 /* HomeScreen.swift */ = {isa = PBXFileReference; lastKnownFileType = sourcecode.swift; name = HomeScreen.swift; path = codesList/Storyboards/HomeScreen.swift; sourceTree = SOURCE_ROOT; };
		462CD19F276483B000A0E6C1 /* ViewHelpers.swift */ = {isa = PBXFileReference; lastKnownFileType = sourcecode.swift; path = ViewHelpers.swift; sourceTree = "<group>"; };
		468C153C276852B20066E0CE /* Constants.swift */ = {isa = PBXFileReference; lastKnownFileType = sourcecode.swift; name = Constants.swift; path = "codesList/View Controllers/Constants.swift"; sourceTree = SOURCE_ROOT; };
		468C153E276868620066E0CE /* Messages.storyboard */ = {isa = PBXFileReference; lastKnownFileType = file.storyboard; path = Messages.storyboard; sourceTree = "<group>"; };
		468C1540276868D90066E0CE /* MessagesViewController.swift */ = {isa = PBXFileReference; lastKnownFileType = sourcecode.swift; name = MessagesViewController.swift; path = codesList/Storyboards/MessagesViewController.swift; sourceTree = SOURCE_ROOT; };
		468C154227686AE80066E0CE /* messages.json */ = {isa = PBXFileReference; lastKnownFileType = text.json; path = messages.json; sourceTree = "<group>"; };
		468C1546276877B60066E0CE /* ConversationViewController.swift */ = {isa = PBXFileReference; lastKnownFileType = sourcecode.swift; path = ConversationViewController.swift; sourceTree = SOURCE_ROOT; };
		469576312767CEE0007E471B /* JobListCell.swift */ = {isa = PBXFileReference; lastKnownFileType = sourcecode.swift; path = JobListCell.swift; sourceTree = "<group>"; };
		469576332767D20A007E471B /* JobListingCollectionViewController.swift */ = {isa = PBXFileReference; lastKnownFileType = sourcecode.swift; path = JobListingCollectionViewController.swift; sourceTree = "<group>"; };
		469576352767D3DA007E471B /* Job.swift */ = {isa = PBXFileReference; lastKnownFileType = sourcecode.swift; path = Job.swift; sourceTree = "<group>"; };
		469576372767D5B0007E471B /* jobs.json */ = {isa = PBXFileReference; lastKnownFileType = text.json; name = jobs.json; path = "codesList/View Controllers/jobs.json"; sourceTree = SOURCE_ROOT; };
		469576392767DAEA007E471B /* Decode.swift */ = {isa = PBXFileReference; lastKnownFileType = sourcecode.swift; name = Decode.swift; path = "codesList/View Controllers/Decode.swift"; sourceTree = SOURCE_ROOT; };
		4695763B2767FD6B007E471B /* Profile.storyboard */ = {isa = PBXFileReference; lastKnownFileType = file.storyboard; path = Profile.storyboard; sourceTree = "<group>"; };
		4695763D2767FF8B007E471B /* ProfileViewController.swift */ = {isa = PBXFileReference; lastKnownFileType = sourcecode.swift; name = ProfileViewController.swift; path = codesList/Storyboards/ProfileViewController.swift; sourceTree = SOURCE_ROOT; };
		46B2BC42272CE95400A7E22C /* Favorites.storyboard */ = {isa = PBXFileReference; lastKnownFileType = file.storyboard; path = Favorites.storyboard; sourceTree = "<group>"; };
		46B2BC44272CEA1600A7E22C /* FavoritesScreen.swift */ = {isa = PBXFileReference; lastKnownFileType = sourcecode.swift; path = FavoritesScreen.swift; sourceTree = "<group>"; };
		46D3119D2721D40900EC45C7 /* .gitignore */ = {isa = PBXFileReference; lastKnownFileType = text; path = .gitignore; sourceTree = "<group>"; };
		B7F617932721CB8400CD3BBE /* codesList.app */ = {isa = PBXFileReference; explicitFileType = wrapper.application; includeInIndex = 0; path = codesList.app; sourceTree = BUILT_PRODUCTS_DIR; };
		B7F617962721CB8400CD3BBE /* AppDelegate.swift */ = {isa = PBXFileReference; lastKnownFileType = sourcecode.swift; path = AppDelegate.swift; sourceTree = "<group>"; };
		B7F617982721CB8400CD3BBE /* SceneDelegate.swift */ = {isa = PBXFileReference; lastKnownFileType = sourcecode.swift; path = SceneDelegate.swift; sourceTree = "<group>"; };
		B7F6179A2721CB8400CD3BBE /* LoginScreen.swift */ = {isa = PBXFileReference; lastKnownFileType = sourcecode.swift; path = LoginScreen.swift; sourceTree = "<group>"; };
		B7F6179D2721CB8400CD3BBE /* Base */ = {isa = PBXFileReference; lastKnownFileType = file.storyboard; name = Base; path = Base.lproj/Main.storyboard; sourceTree = "<group>"; };
		B7F6179F2721CB8500CD3BBE /* Assets.xcassets */ = {isa = PBXFileReference; lastKnownFileType = folder.assetcatalog; path = Assets.xcassets; sourceTree = "<group>"; };
		B7F617A22721CB8500CD3BBE /* Base */ = {isa = PBXFileReference; lastKnownFileType = file.storyboard; name = Base; path = Base.lproj/LaunchScreen.storyboard; sourceTree = "<group>"; };
		B7F617A42721CB8500CD3BBE /* Info.plist */ = {isa = PBXFileReference; lastKnownFileType = text.plist.xml; path = Info.plist; sourceTree = "<group>"; };
/* End PBXFileReference section */

/* Begin PBXFrameworksBuildPhase section */
		B7F617902721CB8400CD3BBE /* Frameworks */ = {
			isa = PBXFrameworksBuildPhase;
			buildActionMask = 2147483647;
			files = (
			);
			runOnlyForDeploymentPostprocessing = 0;
		};
/* End PBXFrameworksBuildPhase section */

/* Begin PBXGroup section */
		462BA90A273DA76C00B349A2 /* Resources */ = {
			isa = PBXGroup;
			children = (
				468C153C276852B20066E0CE /* Constants.swift */,
				469576392767DAEA007E471B /* Decode.swift */,
				469576372767D5B0007E471B /* jobs.json */,
				468C154227686AE80066E0CE /* messages.json */,
				462CD19F276483B000A0E6C1 /* ViewHelpers.swift */,
				469576352767D3DA007E471B /* Job.swift */,
			);
			path = Resources;
			sourceTree = "<group>";
		};
		46B2BC46272D150100A7E22C /* Storyboards */ = {
			isa = PBXGroup;
			children = (
				468C153E276868620066E0CE /* Messages.storyboard */,
				46B2BC42272CE95400A7E22C /* Favorites.storyboard */,
				B7F6179C2721CB8400CD3BBE /* Main.storyboard */,
				462BA906273D92A200B349A2 /* HomeScreen.storyboard */,
				4695763B2767FD6B007E471B /* Profile.storyboard */,
			);
			path = Storyboards;
			sourceTree = "<group>";
		};
		46B2BC47272D152F00A7E22C /* View Controllers */ = {
			isa = PBXGroup;
			children = (
				468C1546276877B60066E0CE /* ConversationViewController.swift */,
				468C1540276868D90066E0CE /* MessagesViewController.swift */,
				4695763D2767FF8B007E471B /* ProfileViewController.swift */,
				462BA908273D9C1E00B349A2 /* HomeScreen.swift */,
				469576312767CEE0007E471B /* JobListCell.swift */,
				469576332767D20A007E471B /* JobListingCollectionViewController.swift */,
				B7F6179A2721CB8400CD3BBE /* LoginScreen.swift */,
				46B2BC44272CEA1600A7E22C /* FavoritesScreen.swift */,
			);
			path = "View Controllers";
			sourceTree = "<group>";
		};
		B7F6178A2721CB8400CD3BBE = {
			isa = PBXGroup;
			children = (
				46D3119D2721D40900EC45C7 /* .gitignore */,
				B7F617952721CB8400CD3BBE /* codesList */,
				B7F617942721CB8400CD3BBE /* Products */,
			);
			sourceTree = "<group>";
		};
		B7F617942721CB8400CD3BBE /* Products */ = {
			isa = PBXGroup;
			children = (
				B7F617932721CB8400CD3BBE /* codesList.app */,
			);
			name = Products;
			sourceTree = "<group>";
		};
		B7F617952721CB8400CD3BBE /* codesList */ = {
			isa = PBXGroup;
			children = (
				B7F617962721CB8400CD3BBE /* AppDelegate.swift */,
				B7F617982721CB8400CD3BBE /* SceneDelegate.swift */,
				462BA90A273DA76C00B349A2 /* Resources */,
				46B2BC47272D152F00A7E22C /* View Controllers */,
				46B2BC46272D150100A7E22C /* Storyboards */,
				B7F6179F2721CB8500CD3BBE /* Assets.xcassets */,
				B7F617A12721CB8500CD3BBE /* LaunchScreen.storyboard */,
				B7F617A42721CB8500CD3BBE /* Info.plist */,
			);
			path = codesList;
			sourceTree = "<group>";
		};
/* End PBXGroup section */

/* Begin PBXNativeTarget section */
		B7F617922721CB8400CD3BBE /* codesList */ = {
			isa = PBXNativeTarget;
			buildConfigurationList = B7F617A72721CB8500CD3BBE /* Build configuration list for PBXNativeTarget "codesList" */;
			buildPhases = (
				B7F6178F2721CB8400CD3BBE /* Sources */,
				B7F617902721CB8400CD3BBE /* Frameworks */,
				B7F617912721CB8400CD3BBE /* Resources */,
			);
			buildRules = (
			);
			dependencies = (
			);
			name = codesList;
			productName = codesList;
			productReference = B7F617932721CB8400CD3BBE /* codesList.app */;
			productType = "com.apple.product-type.application";
		};
/* End PBXNativeTarget section */

/* Begin PBXProject section */
		B7F6178B2721CB8400CD3BBE /* Project object */ = {
			isa = PBXProject;
			attributes = {
				LastSwiftUpdateCheck = 1250;
				LastUpgradeCheck = 1250;
				TargetAttributes = {
					B7F617922721CB8400CD3BBE = {
						CreatedOnToolsVersion = 12.5.1;
					};
				};
			};
			buildConfigurationList = B7F6178E2721CB8400CD3BBE /* Build configuration list for PBXProject "codesList" */;
			compatibilityVersion = "Xcode 9.3";
			developmentRegion = en;
			hasScannedForEncodings = 0;
			knownRegions = (
				en,
				Base,
			);
			mainGroup = B7F6178A2721CB8400CD3BBE;
			productRefGroup = B7F617942721CB8400CD3BBE /* Products */;
			projectDirPath = "";
			projectRoot = "";
			targets = (
				B7F617922721CB8400CD3BBE /* codesList */,
			);
		};
/* End PBXProject section */

/* Begin PBXResourcesBuildPhase section */
		B7F617912721CB8400CD3BBE /* Resources */ = {
			isa = PBXResourcesBuildPhase;
			buildActionMask = 2147483647;
			files = (
				469576382767D5B0007E471B /* jobs.json in Resources */,
				468C154327686AE80066E0CE /* messages.json in Resources */,
				46D3119E2721D40900EC45C7 /* .gitignore in Resources */,
				4695763C2767FD6B007E471B /* Profile.storyboard in Resources */,
				468C153F276868620066E0CE /* Messages.storyboard in Resources */,
				B7F617A32721CB8500CD3BBE /* LaunchScreen.storyboard in Resources */,
				B7F617A02721CB8500CD3BBE /* Assets.xcassets in Resources */,
				462BA907273D92A200B349A2 /* HomeScreen.storyboard in Resources */,
				B7F6179E2721CB8400CD3BBE /* Main.storyboard in Resources */,
				46B2BC43272CE95400A7E22C /* Favorites.storyboard in Resources */,
			);
			runOnlyForDeploymentPostprocessing = 0;
		};
/* End PBXResourcesBuildPhase section */

/* Begin PBXSourcesBuildPhase section */
		B7F6178F2721CB8400CD3BBE /* Sources */ = {
			isa = PBXSourcesBuildPhase;
			buildActionMask = 2147483647;
			files = (
				468C1547276877B60066E0CE /* ConversationViewController.swift in Sources */,
				462CD1A0276483B000A0E6C1 /* ViewHelpers.swift in Sources */,
				B7F6179B2721CB8400CD3BBE /* LoginScreen.swift in Sources */,
				468C1541276868D90066E0CE /* MessagesViewController.swift in Sources */,
				469576322767CEE0007E471B /* JobListCell.swift in Sources */,
				469576342767D20A007E471B /* JobListingCollectionViewController.swift in Sources */,
				469576362767D3DA007E471B /* Job.swift in Sources */,
				4695763A2767DAEA007E471B /* Decode.swift in Sources */,
				4695763E2767FF8B007E471B /* ProfileViewController.swift in Sources */,
				462BA909273D9C1E00B349A2 /* HomeScreen.swift in Sources */,
				B7F617972721CB8400CD3BBE /* AppDelegate.swift in Sources */,
				B7F617992721CB8400CD3BBE /* SceneDelegate.swift in Sources */,
				46B2BC45272CEA1600A7E22C /* FavoritesScreen.swift in Sources */,
				468C153D276852B20066E0CE /* Constants.swift in Sources */,
			);
			runOnlyForDeploymentPostprocessing = 0;
		};
/* End PBXSourcesBuildPhase section */

/* Begin PBXVariantGroup section */
		B7F6179C2721CB8400CD3BBE /* Main.storyboard */ = {
			isa = PBXVariantGroup;
			children = (
				B7F6179D2721CB8400CD3BBE /* Base */,
			);
			name = Main.storyboard;
			sourceTree = "<group>";
		};
		B7F617A12721CB8500CD3BBE /* LaunchScreen.storyboard */ = {
			isa = PBXVariantGroup;
			children = (
				B7F617A22721CB8500CD3BBE /* Base */,
			);
			name = LaunchScreen.storyboard;
			sourceTree = "<group>";
		};
/* End PBXVariantGroup section */

/* Begin XCBuildConfiguration section */
		B7F617A52721CB8500CD3BBE /* Debug */ = {
			isa = XCBuildConfiguration;
			buildSettings = {
				ALWAYS_SEARCH_USER_PATHS = NO;
				CLANG_ANALYZER_NONNULL = YES;
				CLANG_ANALYZER_NUMBER_OBJECT_CONVERSION = YES_AGGRESSIVE;
				CLANG_CXX_LANGUAGE_STANDARD = "gnu++14";
				CLANG_CXX_LIBRARY = "libc++";
				CLANG_ENABLE_MODULES = YES;
				CLANG_ENABLE_OBJC_ARC = YES;
				CLANG_ENABLE_OBJC_WEAK = YES;
				CLANG_WARN_BLOCK_CAPTURE_AUTORELEASING = YES;
				CLANG_WARN_BOOL_CONVERSION = YES;
				CLANG_WARN_COMMA = YES;
				CLANG_WARN_CONSTANT_CONVERSION = YES;
				CLANG_WARN_DEPRECATED_OBJC_IMPLEMENTATIONS = YES;
				CLANG_WARN_DIRECT_OBJC_ISA_USAGE = YES_ERROR;
				CLANG_WARN_DOCUMENTATION_COMMENTS = YES;
				CLANG_WARN_EMPTY_BODY = YES;
				CLANG_WARN_ENUM_CONVERSION = YES;
				CLANG_WARN_INFINITE_RECURSION = YES;
				CLANG_WARN_INT_CONVERSION = YES;
				CLANG_WARN_NON_LITERAL_NULL_CONVERSION = YES;
				CLANG_WARN_OBJC_IMPLICIT_RETAIN_SELF = YES;
				CLANG_WARN_OBJC_LITERAL_CONVERSION = YES;
				CLANG_WARN_OBJC_ROOT_CLASS = YES_ERROR;
				CLANG_WARN_QUOTED_INCLUDE_IN_FRAMEWORK_HEADER = YES;
				CLANG_WARN_RANGE_LOOP_ANALYSIS = YES;
				CLANG_WARN_STRICT_PROTOTYPES = YES;
				CLANG_WARN_SUSPICIOUS_MOVE = YES;
				CLANG_WARN_UNGUARDED_AVAILABILITY = YES_AGGRESSIVE;
				CLANG_WARN_UNREACHABLE_CODE = YES;
				CLANG_WARN__DUPLICATE_METHOD_MATCH = YES;
				COPY_PHASE_STRIP = NO;
				DEBUG_INFORMATION_FORMAT = dwarf;
				ENABLE_STRICT_OBJC_MSGSEND = YES;
				ENABLE_TESTABILITY = YES;
				GCC_C_LANGUAGE_STANDARD = gnu11;
				GCC_DYNAMIC_NO_PIC = NO;
				GCC_NO_COMMON_BLOCKS = YES;
				GCC_OPTIMIZATION_LEVEL = 0;
				GCC_PREPROCESSOR_DEFINITIONS = (
					"DEBUG=1",
					"$(inherited)",
				);
				GCC_WARN_64_TO_32_BIT_CONVERSION = YES;
				GCC_WARN_ABOUT_RETURN_TYPE = YES_ERROR;
				GCC_WARN_UNDECLARED_SELECTOR = YES;
				GCC_WARN_UNINITIALIZED_AUTOS = YES_AGGRESSIVE;
				GCC_WARN_UNUSED_FUNCTION = YES;
				GCC_WARN_UNUSED_VARIABLE = YES;
				IPHONEOS_DEPLOYMENT_TARGET = 14.5;
				MTL_ENABLE_DEBUG_INFO = INCLUDE_SOURCE;
				MTL_FAST_MATH = YES;
				ONLY_ACTIVE_ARCH = YES;
				SDKROOT = iphoneos;
				SWIFT_ACTIVE_COMPILATION_CONDITIONS = DEBUG;
				SWIFT_OPTIMIZATION_LEVEL = "-Onone";
			};
			name = Debug;
		};
		B7F617A62721CB8500CD3BBE /* Release */ = {
			isa = XCBuildConfiguration;
			buildSettings = {
				ALWAYS_SEARCH_USER_PATHS = NO;
				CLANG_ANALYZER_NONNULL = YES;
				CLANG_ANALYZER_NUMBER_OBJECT_CONVERSION = YES_AGGRESSIVE;
				CLANG_CXX_LANGUAGE_STANDARD = "gnu++14";
				CLANG_CXX_LIBRARY = "libc++";
				CLANG_ENABLE_MODULES = YES;
				CLANG_ENABLE_OBJC_ARC = YES;
				CLANG_ENABLE_OBJC_WEAK = YES;
				CLANG_WARN_BLOCK_CAPTURE_AUTORELEASING = YES;
				CLANG_WARN_BOOL_CONVERSION = YES;
				CLANG_WARN_COMMA = YES;
				CLANG_WARN_CONSTANT_CONVERSION = YES;
				CLANG_WARN_DEPRECATED_OBJC_IMPLEMENTATIONS = YES;
				CLANG_WARN_DIRECT_OBJC_ISA_USAGE = YES_ERROR;
				CLANG_WARN_DOCUMENTATION_COMMENTS = YES;
				CLANG_WARN_EMPTY_BODY = YES;
				CLANG_WARN_ENUM_CONVERSION = YES;
				CLANG_WARN_INFINITE_RECURSION = YES;
				CLANG_WARN_INT_CONVERSION = YES;
				CLANG_WARN_NON_LITERAL_NULL_CONVERSION = YES;
				CLANG_WARN_OBJC_IMPLICIT_RETAIN_SELF = YES;
				CLANG_WARN_OBJC_LITERAL_CONVERSION = YES;
				CLANG_WARN_OBJC_ROOT_CLASS = YES_ERROR;
				CLANG_WARN_QUOTED_INCLUDE_IN_FRAMEWORK_HEADER = YES;
				CLANG_WARN_RANGE_LOOP_ANALYSIS = YES;
				CLANG_WARN_STRICT_PROTOTYPES = YES;
				CLANG_WARN_SUSPICIOUS_MOVE = YES;
				CLANG_WARN_UNGUARDED_AVAILABILITY = YES_AGGRESSIVE;
				CLANG_WARN_UNREACHABLE_CODE = YES;
				CLANG_WARN__DUPLICATE_METHOD_MATCH = YES;
				COPY_PHASE_STRIP = NO;
				DEBUG_INFORMATION_FORMAT = "dwarf-with-dsym";
				ENABLE_NS_ASSERTIONS = NO;
				ENABLE_STRICT_OBJC_MSGSEND = YES;
				GCC_C_LANGUAGE_STANDARD = gnu11;
				GCC_NO_COMMON_BLOCKS = YES;
				GCC_WARN_64_TO_32_BIT_CONVERSION = YES;
				GCC_WARN_ABOUT_RETURN_TYPE = YES_ERROR;
				GCC_WARN_UNDECLARED_SELECTOR = YES;
				GCC_WARN_UNINITIALIZED_AUTOS = YES_AGGRESSIVE;
				GCC_WARN_UNUSED_FUNCTION = YES;
				GCC_WARN_UNUSED_VARIABLE = YES;
				IPHONEOS_DEPLOYMENT_TARGET = 14.5;
				MTL_ENABLE_DEBUG_INFO = NO;
				MTL_FAST_MATH = YES;
				SDKROOT = iphoneos;
				SWIFT_COMPILATION_MODE = wholemodule;
				SWIFT_OPTIMIZATION_LEVEL = "-O";
				VALIDATE_PRODUCT = YES;
			};
			name = Release;
		};
		B7F617A82721CB8500CD3BBE /* Debug */ = {
			isa = XCBuildConfiguration;
			buildSettings = {
				ASSETCATALOG_COMPILER_APPICON_NAME = AppIcon;
				ASSETCATALOG_COMPILER_GLOBAL_ACCENT_COLOR_NAME = AccentColor;
				CODE_SIGN_STYLE = Automatic;
				INFOPLIST_FILE = codesList/Info.plist;
				LD_RUNPATH_SEARCH_PATHS = (
					"$(inherited)",
					"@executable_path/Frameworks",
				);
				PRODUCT_BUNDLE_IDENTIFIER = edu.cwi.cpsc.codesList;
				PRODUCT_NAME = "$(TARGET_NAME)";
				SWIFT_VERSION = 5.0;
				TARGETED_DEVICE_FAMILY = 1;
			};
			name = Debug;
		};
		B7F617A92721CB8500CD3BBE /* Release */ = {
			isa = XCBuildConfiguration;
			buildSettings = {
				ASSETCATALOG_COMPILER_APPICON_NAME = AppIcon;
				ASSETCATALOG_COMPILER_GLOBAL_ACCENT_COLOR_NAME = AccentColor;
				CODE_SIGN_STYLE = Automatic;
				INFOPLIST_FILE = codesList/Info.plist;
				LD_RUNPATH_SEARCH_PATHS = (
					"$(inherited)",
					"@executable_path/Frameworks",
				);
				PRODUCT_BUNDLE_IDENTIFIER = edu.cwi.cpsc.codesList;
				PRODUCT_NAME = "$(TARGET_NAME)";
				SWIFT_VERSION = 5.0;
				TARGETED_DEVICE_FAMILY = 1;
			};
			name = Release;
		};
/* End XCBuildConfiguration section */

/* Begin XCConfigurationList section */
		B7F6178E2721CB8400CD3BBE /* Build configuration list for PBXProject "codesList" */ = {
			isa = XCConfigurationList;
			buildConfigurations = (
				B7F617A52721CB8500CD3BBE /* Debug */,
				B7F617A62721CB8500CD3BBE /* Release */,
			);
			defaultConfigurationIsVisible = 0;
			defaultConfigurationName = Release;
		};
		B7F617A72721CB8500CD3BBE /* Build configuration list for PBXNativeTarget "codesList" */ = {
			isa = XCConfigurationList;
			buildConfigurations = (
				B7F617A82721CB8500CD3BBE /* Debug */,
				B7F617A92721CB8500CD3BBE /* Release */,
			);
			defaultConfigurationIsVisible = 0;
			defaultConfigurationName = Release;
		};
/* End XCConfigurationList section */
	};
	rootObject = B7F6178B2721CB8400CD3BBE /* Project object */;
}
